
Microsoft Visual Studio Solution File, Format Version 12.00
# Visual Studio 15
VisualStudioVersion = 15.0.28307.705
MinimumVisualStudioVersion = 10.0.40219.1
Project("{2150E333-8FDC-42A3-9474-1A3956D46DE8}") = "1 - Host", "1 - Host", "{5D47A049-D7E2-4FA2-800E-0CE14C0E617C}"
EndProject
Project("{2150E333-8FDC-42A3-9474-1A3956D46DE8}") = "3 - Service", "3 - Service", "{03597842-B3C4-4D77-AA37-383AE9A63B5D}"
EndProject
Project("{2150E333-8FDC-42A3-9474-1A3956D46DE8}") = "4 - Infra", "4 - Infra", "{560F5E76-29CE-4429-B40E-604E8577C3FC}"
EndProject
Project("{2150E333-8FDC-42A3-9474-1A3956D46DE8}") = "5 - Test", "5 - Test", "{F8BEF237-9829-49D7-A8F7-9BD75F92F20A}"
EndProject
Project("{9A19103F-16F7-4668-BE54-9A1E7A4F7556}") = "Exercicio.PrincipaisPalavras.Infra.HttpService", "Exercicio.PrincipaisPalavras.Infra.HttpService\Exercicio.PrincipaisPalavras.Infra.HttpService.csproj", "{C6C28AED-A9C9-4882-814F-23BFAA178C2F}"
EndProject
Project("{9A19103F-16F7-4668-BE54-9A1E7A4F7556}") = "Exercicio.PrincipaisPalavras.Service", "Exercicio.PrincipaisPalavras.Service\Exercicio.PrincipaisPalavras.Service.csproj", "{320E318D-FCC8-4F05-AC33-1F4C529D2361}"
EndProject
Project("{9A19103F-16F7-4668-BE54-9A1E7A4F7556}") = "Exercicio.PrincipaisPalavras.WebApi", "Exercicio.PrincipaisPalavras.WebApi\Exercicio.PrincipaisPalavras.WebApi.csproj", "{839FD6C2-E5B4-47F2-B0CD-77A0F8C96BA3}"
EndProject
Project("{9A19103F-16F7-4668-BE54-9A1E7A4F7556}") = "Exercicio.PrincipaisPalavras.Test", "Exercicio.PrincipaisPalavras.Test\Exercicio.PrincipaisPalavras.Test.csproj", "{E6C53FE8-74C8-4E77-9A86-950AD4119763}"
EndProject
Project("{2150E333-8FDC-42A3-9474-1A3956D46DE8}") = "2 - Application", "2 - Application", "{2CAAB892-B7ED-439A-9E64-85997AA22B99}"
EndProject
Project("{9A19103F-16F7-4668-BE54-9A1E7A4F7556}") = "Exercicio.PrincipaisPalavras.Application", "Exercicio.PrincipaisPalavras.Application\Exercicio.PrincipaisPalavras.Application.csproj", "{0BBED86C-C154-43CC-9CCA-4FCB9BFDDE93}"
EndProject
Global
	GlobalSection(SolutionConfigurationPlatforms) = preSolution
		Debug|Any CPU = Debug|Any CPU
		Release|Any CPU = Release|Any CPU
	EndGlobalSection
	GlobalSection(ProjectConfigurationPlatforms) = postSolution
		{C6C28AED-A9C9-4882-814F-23BFAA178C2F}.Debug|Any CPU.ActiveCfg = Debug|Any CPU
		{C6C28AED-A9C9-4882-814F-23BFAA178C2F}.Debug|Any CPU.Build.0 = Debug|Any CPU
		{C6C28AED-A9C9-4882-814F-23BFAA178C2F}.Release|Any CPU.ActiveCfg = Release|Any CPU
		{C6C28AED-A9C9-4882-814F-23BFAA178C2F}.Release|Any CPU.Build.0 = Release|Any CPU
		{320E318D-FCC8-4F05-AC33-1F4C529D2361}.Debug|Any CPU.ActiveCfg = Debug|Any CPU
		{320E318D-FCC8-4F05-AC33-1F4C529D2361}.Debug|Any CPU.Build.0 = Debug|Any CPU
		{320E318D-FCC8-4F05-AC33-1F4C529D2361}.Release|Any CPU.ActiveCfg = Release|Any CPU
		{320E318D-FCC8-4F05-AC33-1F4C529D2361}.Release|Any CPU.Build.0 = Release|Any CPU
		{839FD6C2-E5B4-47F2-B0CD-77A0F8C96BA3}.Debug|Any CPU.ActiveCfg = Debug|Any CPU
		{839FD6C2-E5B4-47F2-B0CD-77A0F8C96BA3}.Debug|Any CPU.Build.0 = Debug|Any CPU
		{839FD6C2-E5B4-47F2-B0CD-77A0F8C96BA3}.Release|Any CPU.ActiveCfg = Release|Any CPU
		{839FD6C2-E5B4-47F2-B0CD-77A0F8C96BA3}.Release|Any CPU.Build.0 = Release|Any CPU
		{E6C53FE8-74C8-4E77-9A86-950AD4119763}.Debug|Any CPU.ActiveCfg = Debug|Any CPU
		{E6C53FE8-74C8-4E77-9A86-950AD4119763}.Debug|Any CPU.Build.0 = Debug|Any CPU
		{E6C53FE8-74C8-4E77-9A86-950AD4119763}.Release|Any CPU.ActiveCfg = Release|Any CPU
		{E6C53FE8-74C8-4E77-9A86-950AD4119763}.Release|Any CPU.Build.0 = Release|Any CPU
		{0BBED86C-C154-43CC-9CCA-4FCB9BFDDE93}.Debug|Any CPU.ActiveCfg = Debug|Any CPU
		{0BBED86C-C154-43CC-9CCA-4FCB9BFDDE93}.Debug|Any CPU.Build.0 = Debug|Any CPU
		{0BBED86C-C154-43CC-9CCA-4FCB9BFDDE93}.Release|Any CPU.ActiveCfg = Release|Any CPU
		{0BBED86C-C154-43CC-9CCA-4FCB9BFDDE93}.Release|Any CPU.Build.0 = Release|Any CPU
	EndGlobalSection
	GlobalSection(SolutionProperties) = preSolution
		HideSolutionNode = FALSE
	EndGlobalSection
	GlobalSection(NestedProjects) = preSolution
		{C6C28AED-A9C9-4882-814F-23BFAA178C2F} = {560F5E76-29CE-4429-B40E-604E8577C3FC}
		{320E318D-FCC8-4F05-AC33-1F4C529D2361} = {03597842-B3C4-4D77-AA37-383AE9A63B5D}
		{839FD6C2-E5B4-47F2-B0CD-77A0F8C96BA3} = {5D47A049-D7E2-4FA2-800E-0CE14C0E617C}
		{E6C53FE8-74C8-4E77-9A86-950AD4119763} = {F8BEF237-9829-49D7-A8F7-9BD75F92F20A}
		{0BBED86C-C154-43CC-9CCA-4FCB9BFDDE93} = {2CAAB892-B7ED-439A-9E64-85997AA22B99}
	EndGlobalSection
	GlobalSection(ExtensibilityGlobals) = postSolution
		SolutionGuid = {FC385AB2-659A-40BB-BC09-D8B48E71FB18}
	EndGlobalSection
EndGlobal
